{
  "version": 1,
  "dependencies": {
    "net10.0": {
      "PdfPig": {
        "type": "Direct",
        "requested": "[0.1.16, )",
        "resolved": "0.1.16",
        "contentHash": "qQcbsNMYVY+K5ELptax2S8thNMk0+rSQq3H/KdYj3LLcko8yTCz8y5KIvsKxIyAuTN0ZYNnfsZkM+0EvxTwHVA=="
      },
      "Google.Protobuf": {
        "type": "Transitive",
        "resolved": "3.30.2",
        "contentHash": "Y2aOVLIt75yeeEWigg9V9YnjsEm53sADtLGq0gLhwaXpk3iu8tYSoauolyhenagA2sWno2TQ2WujI0HQd6s1Vw=="
      },
      "Markdig": {
        "type": "Transitive",
        "resolved": "1.4.0",
        "contentHash": "lLhaiI/mNDTNzgLqnmknhf4LjgTqOAyjx5+GNz0X3AxYMxUhmFppF2WVMdER+SDqwhE5wUF1pzs/cuLwFxs7xA=="
      },
      "Microsoft.Extensions.DependencyInjection.Abstractions": {
        "type": "Transitive",
        "resolved": "10.0.0",
        "contentHash": "L3AdmZ1WOK4XXT5YFPEwyt0ep6l8lGIPs7F5OOBZc77Zqeo01Of7XXICy47628sdVl0v/owxYJTe86DTgFwKCA=="
      },
      "Microsoft.Extensions.Logging.Abstractions": {
        "type": "Transitive",
        "resolved": "10.0.0",
        "contentHash": "FU/IfjDfwaMuKr414SSQNTIti/69bHEMb+QKrskRb26oVqpx3lNFXMjs/RC9ZUuhBhcwDM2BwOgoMw+PZ+beqQ==",
        "dependencies": {
          "Microsoft.Extensions.DependencyInjection.Abstractions": "10.0.0"
        }
      },
      "Microsoft.ML.OnnxRuntime": {
        "type": "Transitive",
        "resolved": "1.27.0",
        "contentHash": "QdVsm9tkp1M7lmI5F3uLn/Ruc8I4FCMtFVD0ohmWo7JvC7YsZgAu1S3CEEJhZr1YB+lCPWXa7tpBDbQLCZGPTg==",
        "dependencies": {
          "Microsoft.ML.OnnxRuntime.Managed": "1.27.0"
        }
      },
      "Microsoft.ML.OnnxRuntime.Managed": {
        "type": "Transitive",
        "resolved": "1.27.0",
        "contentHash": "9HZjUh9j/gIe4SN/9e4sg/GeTy+JWaPDGzLgz01FQRaj3/SzwjGFc76DMW+wb3ZU7mwfT4lx8GUqwIDgAaHCpw==",
        "dependencies": {
          "System.Numerics.Tensors": "9.0.0"
        }
      },
      "Microsoft.ML.Tokenizers": {
        "type": "Transitive",
        "resolved": "2.0.0",
        "contentHash": "+b8lT4cLLO/sBR2hjvE/qG6qrZG15h7/PBvnIrzTh4xDaAxdHUY6449rC+1pHzQUsBiCHZVbj+VMn+xS0sL7TA==",
        "dependencies": {
          "Google.Protobuf": "3.30.2"
        }
      },
      "Npgsql": {
        "type": "Transitive",
        "resolved": "10.0.3",
        "contentHash": "7nb5YzXuvWWJxB0J8DiyL3we+X4FOctZrt0fIBnucOIaIevFEEwGQVZKtiu9olXdlNAK1eNgqSral6r/jlhI4w==",
        "dependencies": {
          "Microsoft.Extensions.Logging.Abstractions": "10.0.0"
        }
      },
      "System.Numerics.Tensors": {
        "type": "Transitive",
        "resolved": "10.0.12",
        "contentHash": "17brFrnQHV/XMMazXNqFq4GkvzWy8yzDPo5Gb8TT8zJtMFbUqDycOCyPCp9F+eMc4L75kcCKRZqaeBHMwLCL9Q=="
      },
      "YamlDotNet": {
        "type": "Transitive",
        "resolved": "18.1.0",
        "contentHash": "5K+9KFg2TdTl7VXv88Qzi/0lqK6JFoNP3lRuImPYGRV7K/QYklDyTrj4+A+KAki1JsQi6qKY+hDyY7d6WRqjrw=="
      },
      "premagentic.core": {
        "type": "Project",
        "dependencies": {
          "Markdig": "[1.4.0, )",
          "Microsoft.ML.OnnxRuntime": "[1.27.0, )",
          "Microsoft.ML.Tokenizers": "[2.0.0, )",
          "Npgsql": "[10.0.3, )",
          "System.Numerics.Tensors": "[10.0.12, )",
          "YamlDotNet": "[18.1.0, )"
        }
      }
    }
  }
}